
Microsoft Visual Studio Solution File, Format Version 12.00
# Visual Studio Version 17
VisualStudioVersion = 17.0.32126.317
MinimumVisualStudioVersion = 10.0.40219.1
Project("{FAE04EC0-301F-11D3-BF4B-00C04F79EFBC}") = "16112022_Project1", "16112022_Project1\16112022_Project1.csproj", "{182B5F51-DC5D-4137-B489-52A5D3139F93}"
EndProject
Project("{FAE04EC0-301F-11D3-BF4B-00C04F79EFBC}") = "Startbootstrap", "Startbootstrap\Startbootstrap.csproj", "{BBA00401-BCF2-49A5-8C7B-3FD43087642C}"
EndProject
Global
	GlobalSection(SolutionConfigurationPlatforms) = preSolution
		Debug|Any CPU = Debug|Any CPU
		Release|Any CPU = Release|Any CPU
	EndGlobalSection
	GlobalSection(ProjectConfigurationPlatforms) = postSolution
		{182B5F51-DC5D-4137-B489-52A5D3139F93}.Debug|Any CPU.ActiveCfg = Debug|Any CPU
		{182B5F51-DC5D-4137-B489-52A5D3139F93}.Debug|Any CPU.Build.0 = Debug|Any CPU
		{182B5F51-DC5D-4137-B489-52A5D3139F93}.Release|Any CPU.ActiveCfg = Release|Any CPU
		{182B5F51-DC5D-4137-B489-52A5D3139F93}.Release|Any CPU.Build.0 = Release|Any CPU
		{BBA00401-BCF2-49A5-8C7B-3FD43087642C}.Debug|Any CPU.ActiveCfg = Debug|Any CPU
		{BBA00401-BCF2-49A5-8C7B-3FD43087642C}.Debug|Any CPU.Build.0 = Debug|Any CPU
		{BBA00401-BCF2-49A5-8C7B-3FD43087642C}.Release|Any CPU.ActiveCfg = Release|Any CPU
		{BBA00401-BCF2-49A5-8C7B-3FD43087642C}.Release|Any CPU.Build.0 = Release|Any CPU
	EndGlobalSection
	GlobalSection(SolutionProperties) = preSolution
		HideSolutionNode = FALSE
	EndGlobalSection
	GlobalSection(ExtensibilityGlobals) = postSolution
		SolutionGuid = {7912983F-F925-4184-99E9-6B3E1F7F4518}
	EndGlobalSection
EndGlobal
